
Microsoft Visual Studio Solution File, Format Version 12.00
# Visual Studio Version 17
VisualStudioVersion = 17.9.34728.123
MinimumVisualStudioVersion = 10.0.40219.1
Project("{FAE04EC0-301F-11D3-BF4B-00C04F79EFBC}") = "atividade004_multitelas_maryanna", "atividade004_multitelas_maryanna\atividade004_multitelas_maryanna.csproj", "{EF8AFC9A-B1E3-4A77-8E7D-5EDB98E2A55E}"
EndProject
Global
	GlobalSection(SolutionConfigurationPlatforms) = preSolution
		Debug|Any CPU = Debug|Any CPU
		Release|Any CPU = Release|Any CPU
	EndGlobalSection
	GlobalSection(ProjectConfigurationPlatforms) = postSolution
		{EF8AFC9A-B1E3-4A77-8E7D-5EDB98E2A55E}.Debug|Any CPU.ActiveCfg = Debug|Any CPU
		{EF8AFC9A-B1E3-4A77-8E7D-5EDB98E2A55E}.Debug|Any CPU.Build.0 = Debug|Any CPU
		{EF8AFC9A-B1E3-4A77-8E7D-5EDB98E2A55E}.Release|Any CPU.ActiveCfg = Release|Any CPU
		{EF8AFC9A-B1E3-4A77-8E7D-5EDB98E2A55E}.Release|Any CPU.Build.0 = Release|Any CPU
	EndGlobalSection
	GlobalSection(SolutionProperties) = preSolution
		HideSolutionNode = FALSE
	EndGlobalSection
	GlobalSection(ExtensibilityGlobals) = postSolution
		SolutionGuid = {FA489E1E-7973-4AE6-9E68-C45B7E32CFF3}
	EndGlobalSection
EndGlobal
